
Microsoft Visual Studio Solution File, Format Version 12.00
# Visual Studio Version 16
VisualStudioVersion = 16.0.30011.22
MinimumVisualStudioVersion = 10.0.40219.1
Project("{9A19103F-16F7-4668-BE54-9A1E7A4F7556}") = "CreditCardHelper.Tests", "CreditCardHelper.Tests\CreditCardHelper.Tests.csproj", "{B4D5EBC8-8533-468D-993F-5047FE7C178F}"
EndProject
Project("{FAE04EC0-301F-11D3-BF4B-00C04F79EFBC}") = "CreditCardHelper", "CreditCardHelper\CreditCardHelper.csproj", "{952F13E2-6699-46A7-B70D-875F6E4E6A61}"
EndProject
Global
	GlobalSection(SolutionConfigurationPlatforms) = preSolution
		Debug|Any CPU = Debug|Any CPU
		Release|Any CPU = Release|Any CPU
	EndGlobalSection
	GlobalSection(ProjectConfigurationPlatforms) = postSolution
		{B4D5EBC8-8533-468D-993F-5047FE7C178F}.Debug|Any CPU.ActiveCfg = Debug|Any CPU
		{B4D5EBC8-8533-468D-993F-5047FE7C178F}.Debug|Any CPU.Build.0 = Debug|Any CPU
		{B4D5EBC8-8533-468D-993F-5047FE7C178F}.Release|Any CPU.ActiveCfg = Release|Any CPU
		{B4D5EBC8-8533-468D-993F-5047FE7C178F}.Release|Any CPU.Build.0 = Release|Any CPU
		{952F13E2-6699-46A7-B70D-875F6E4E6A61}.Debug|Any CPU.ActiveCfg = Debug|Any CPU
		{952F13E2-6699-46A7-B70D-875F6E4E6A61}.Debug|Any CPU.Build.0 = Debug|Any CPU
		{952F13E2-6699-46A7-B70D-875F6E4E6A61}.Release|Any CPU.ActiveCfg = Release|Any CPU
		{952F13E2-6699-46A7-B70D-875F6E4E6A61}.Release|Any CPU.Build.0 = Release|Any CPU
	EndGlobalSection
	GlobalSection(SolutionProperties) = preSolution
		HideSolutionNode = FALSE
	EndGlobalSection
	GlobalSection(ExtensibilityGlobals) = postSolution
		SolutionGuid = {99598A64-096A-4CF4-927B-4BDDEC87C1C5}
	EndGlobalSection
EndGlobal
