
Microsoft Visual Studio Solution File, Format Version 12.00
# Visual Studio Version 17
VisualStudioVersion = 17.1.32210.238
MinimumVisualStudioVersion = 10.0.40219.1
Project("{9A19103F-16F7-4668-BE54-9A1E7A4F7556}") = "CreditCardHelper.Tests", "CreditCardHelper.Tests\CreditCardHelper.Tests.csproj", "{B4D5EBC8-8533-468D-993F-5047FE7C178F}"
EndProject
Project("{9A19103F-16F7-4668-BE54-9A1E7A4F7556}") = "CreditCardHelper", "CreditCardHelper\CreditCardHelper.csproj", "{BD934BB1-591F-465B-B7CA-CD2199322E59}"
EndProject
Project("{FAE04EC0-301F-11D3-BF4B-00C04F79EFBC}") = "CreditCardHelper.Demo", "CreditCardHelper.Demo\CreditCardHelper.Demo.csproj", "{9A6F0A9C-BF59-483C-9D01-A8E20A79F979}"
EndProject
Global
	GlobalSection(SolutionConfigurationPlatforms) = preSolution
		Debug|Any CPU = Debug|Any CPU
		Release|Any CPU = Release|Any CPU
	EndGlobalSection
	GlobalSection(ProjectConfigurationPlatforms) = postSolution
		{B4D5EBC8-8533-468D-993F-5047FE7C178F}.Debug|Any CPU.ActiveCfg = Debug|Any CPU
		{B4D5EBC8-8533-468D-993F-5047FE7C178F}.Debug|Any CPU.Build.0 = Debug|Any CPU
		{B4D5EBC8-8533-468D-993F-5047FE7C178F}.Release|Any CPU.ActiveCfg = Release|Any CPU
		{B4D5EBC8-8533-468D-993F-5047FE7C178F}.Release|Any CPU.Build.0 = Release|Any CPU
		{BD934BB1-591F-465B-B7CA-CD2199322E59}.Debug|Any CPU.ActiveCfg = Debug|Any CPU
		{BD934BB1-591F-465B-B7CA-CD2199322E59}.Debug|Any CPU.Build.0 = Debug|Any CPU
		{BD934BB1-591F-465B-B7CA-CD2199322E59}.Release|Any CPU.ActiveCfg = Release|Any CPU
		{BD934BB1-591F-465B-B7CA-CD2199322E59}.Release|Any CPU.Build.0 = Release|Any CPU
		{9A6F0A9C-BF59-483C-9D01-A8E20A79F979}.Debug|Any CPU.ActiveCfg = Debug|Any CPU
		{9A6F0A9C-BF59-483C-9D01-A8E20A79F979}.Debug|Any CPU.Build.0 = Debug|Any CPU
		{9A6F0A9C-BF59-483C-9D01-A8E20A79F979}.Release|Any CPU.ActiveCfg = Release|Any CPU
		{9A6F0A9C-BF59-483C-9D01-A8E20A79F979}.Release|Any CPU.Build.0 = Release|Any CPU
	EndGlobalSection
	GlobalSection(SolutionProperties) = preSolution
		HideSolutionNode = FALSE
	EndGlobalSection
	GlobalSection(ExtensibilityGlobals) = postSolution
		SolutionGuid = {99598A64-096A-4CF4-927B-4BDDEC87C1C5}
	EndGlobalSection
EndGlobal
