
Microsoft Visual Studio Solution File, Format Version 12.00
# Visual Studio Version 16
VisualStudioVersion = 16.0.30011.22
MinimumVisualStudioVersion = 10.0.40219.1
Project("{FAE04EC0-301F-11D3-BF4B-00C04F79EFBC}") = "CreditCardHelper", "CreditCardHelper\CreditCardHelper.csproj", "{B3EDF660-CCA7-47EB-B28C-4A0030943FAE}"
EndProject
Project("{FAE04EC0-301F-11D3-BF4B-00C04F79EFBC}") = "CreditCardHelper.Tests", "CreditCardHelper.Tests\CreditCardHelper.Tests.csproj", "{BB1AA748-A352-4715-9959-328E6979F025}"
EndProject
Global
	GlobalSection(SolutionConfigurationPlatforms) = preSolution
		Debug|Any CPU = Debug|Any CPU
		Release|Any CPU = Release|Any CPU
	EndGlobalSection
	GlobalSection(ProjectConfigurationPlatforms) = postSolution
		{B3EDF660-CCA7-47EB-B28C-4A0030943FAE}.Debug|Any CPU.ActiveCfg = Debug|Any CPU
		{B3EDF660-CCA7-47EB-B28C-4A0030943FAE}.Debug|Any CPU.Build.0 = Debug|Any CPU
		{B3EDF660-CCA7-47EB-B28C-4A0030943FAE}.Release|Any CPU.ActiveCfg = Release|Any CPU
		{B3EDF660-CCA7-47EB-B28C-4A0030943FAE}.Release|Any CPU.Build.0 = Release|Any CPU
		{BB1AA748-A352-4715-9959-328E6979F025}.Debug|Any CPU.ActiveCfg = Debug|Any CPU
		{BB1AA748-A352-4715-9959-328E6979F025}.Debug|Any CPU.Build.0 = Debug|Any CPU
		{BB1AA748-A352-4715-9959-328E6979F025}.Release|Any CPU.ActiveCfg = Release|Any CPU
		{BB1AA748-A352-4715-9959-328E6979F025}.Release|Any CPU.Build.0 = Release|Any CPU
	EndGlobalSection
	GlobalSection(SolutionProperties) = preSolution
		HideSolutionNode = FALSE
	EndGlobalSection
	GlobalSection(ExtensibilityGlobals) = postSolution
		SolutionGuid = {A9AF2CE6-A35B-48A6-9B70-A5DB8910FC35}
	EndGlobalSection
EndGlobal
